
Microsoft Visual Studio Solution File, Format Version 12.00
# Visual Studio Version 17
VisualStudioVersion = 17.0.31903.59
MinimumVisualStudioVersion = 10.0.40219.1
Project("{9A19103F-16F7-4668-BE54-9A1E7A4F7556}") = "20240823_HW_Delegate", "20240823_HW_Delegate\20240823_HW_Delegate.csproj", "{E4BEB53D-3DA3-4730-8BA2-065F37C5389F}"
EndProject
Project("{2150E333-8FDC-42A3-9474-1A3956D46DE8}") = "Library", "Library", "{923A1122-7963-413E-91AC-482FD6DEB303}"
EndProject
Project("{9A19103F-16F7-4668-BE54-9A1E7A4F7556}") = "OceanLife", "OceanLife\OceanLife.csproj", "{A91B685C-77AF-4022-A027-1524387579ED}"
EndProject
Project("{9A19103F-16F7-4668-BE54-9A1E7A4F7556}") = "20240823_Lesson_Publisher", "20240823_Lesson_Publisher\20240823_Lesson_Publisher.csproj", "{E2E0276D-9C54-4646-A903-23CAF4ACA57E}"
EndProject
Project("{9A19103F-16F7-4668-BE54-9A1E7A4F7556}") = "GenerateRandomArray", "Library\GenerateRandomArray\GenerateRandomArray.csproj", "{62CA5AA0-8FC3-49E0-9458-F4F4BED57C89}"
EndProject
Project("{9A19103F-16F7-4668-BE54-9A1E7A4F7556}") = "SingleList", "SingleList\SingleList.csproj", "{454EE2B3-8DA2-4F9A-8099-009790E4EDD7}"
EndProject
Project("{9A19103F-16F7-4668-BE54-9A1E7A4F7556}") = "DoubleList", "DoubleList\DoubleList.csproj", "{838B262D-5F98-4DCC-AF16-7F3E38C01003}"
EndProject
Project("{9A19103F-16F7-4668-BE54-9A1E7A4F7556}") = "TreeListDataStr", "TreeListDataStr\TreeListDataStr.csproj", "{44F03772-F58E-4747-9BA0-C31809EDBA2E}"
EndProject
Project("{9A19103F-16F7-4668-BE54-9A1E7A4F7556}") = "HashTableDataStr", "HashTableDataStr\HashTableDataStr.csproj", "{01CEC9CF-36FA-4211-BD08-C57C3ABCF272}"
EndProject
Project("{2150E333-8FDC-42A3-9474-1A3956D46DE8}") = "OwnExceptions", "OwnExceptions", "{CC35DFDA-9A12-4B3C-975D-A43266191BDB}"
EndProject
Project("{9A19103F-16F7-4668-BE54-9A1E7A4F7556}") = "ListExceptions", "OwnExceptions\ListExceptions\ListExceptions.csproj", "{5C3141AA-5C6C-4189-BE93-2F65034A41DC}"
EndProject
Project("{9A19103F-16F7-4668-BE54-9A1E7A4F7556}") = "TreeDataStructure", "Library\TreeDataStructure\TreeDataStructure.csproj", "{8349D34F-479B-48B8-8BD2-6CE746A6224F}"
EndProject
Project("{9A19103F-16F7-4668-BE54-9A1E7A4F7556}") = "TimeStamp", "Library\TimeStamp\TimeStamp.csproj", "{5AAE6354-8C7A-4F69-8F13-520C5FB093AE}"
EndProject
Project("{9A19103F-16F7-4668-BE54-9A1E7A4F7556}") = "HashTablesIDictionary", "HashTablesIDictionary\HashTablesIDictionary.csproj", "{A74998E0-69E8-424F-8EFA-04C786B15865}"
EndProject
Project("{9A19103F-16F7-4668-BE54-9A1E7A4F7556}") = "GenericsLesson", "GenericsLesson\GenericsLesson.csproj", "{54F76A0C-B49F-4166-8F01-A47978BAE063}"
EndProject
Project("{9A19103F-16F7-4668-BE54-9A1E7A4F7556}") = "TestSQLConnection", "TestSQLConnection\TestSQLConnection.csproj", "{F1E10254-DD06-4D68-891A-27D35CBB1FDD}"
EndProject
Project("{9A19103F-16F7-4668-BE54-9A1E7A4F7556}") = "20241027TestWebAPI", "20241027TestWebAPI\20241027TestWebAPI.csproj", "{D2960B6B-F6FC-43D9-960B-5177AC6BE1A2}"
EndProject
Project("{9A19103F-16F7-4668-BE54-9A1E7A4F7556}") = "20241031_HW_FirstSQLConnection", "20241031_HW_FirstSQLConnection\20241031_HW_FirstSQLConnection.csproj", "{FA768BEC-E539-402E-8805-ED25C7F81EE9}"
EndProject
Project("{FAE04EC0-301F-11D3-BF4B-00C04F79EFBC}") = "20241003_HW_WinForms_SQLConnection", "20241003_HW_WinForms_SQLConnection\20241003_HW_WinForms_SQLConnection.csproj", "{3E73DFE8-00E5-427E-87F3-F24FE8A32337}"
EndProject
Project("{FAE04EC0-301F-11D3-BF4B-00C04F79EFBC}") = "20241109_HW_Linq101", "20241109_HW_Linq101\20241109_HW_Linq101.csproj", "{00D60C56-3A87-46A9-A40A-B794BC91385E}"
EndProject
Project("{FAE04EC0-301F-11D3-BF4B-00C04F79EFBC}") = "20241201_HW_CsvFileOpener", "20241201_HW_CsvFileOpener\20241201_HW_CsvFileOpener.csproj", "{0AC1AB91-87BE-4C3B-AFE3-50CA2F8D4827}"
EndProject
Project("{FAE04EC0-301F-11D3-BF4B-00C04F79EFBC}") = "CountLinesInFile", "Library\CountLinesInFile\CountLinesInFile.csproj", "{7DA7D740-264B-4A9C-AFA8-4A77FB63A16B}"
EndProject
Project("{FAE04EC0-301F-11D3-BF4B-00C04F79EFBC}") = "RandomId", "Library\RandomId\RandomId.csproj", "{0C1C208D-34C9-44AD-B9A7-0B2996074AFF}"
EndProject
Project("{FAE04EC0-301F-11D3-BF4B-00C04F79EFBC}") = "20241226_HW_Threading", "20241226_HW_Threading\20241226_HW_Threading.csproj", "{0F016AD2-E65B-4B2E-903E-3851AC5364C0}"
EndProject
Project("{FAE04EC0-301F-11D3-BF4B-00C04F79EFBC}") = "20250107_HW_Ph_Lunch", "20250107_HW_Ph_Lunch\20250107_HW_Ph_Lunch.csproj", "{29B959A8-479F-45D8-869D-E636CF80E624}"
EndProject
Project("{FAE04EC0-301F-11D3-BF4B-00C04F79EFBC}") = "20250108_HW_Multithreading_SmokingPeople", "20250108_HW_Multithreading_SmokingPeople\20250108_HW_Multithreading_SmokingPeople.csproj", "{1DB698DC-295D-4D6C-B992-118167F56DD5}"
EndProject
Project("{FAE04EC0-301F-11D3-BF4B-00C04F79EFBC}") = "20250110_HW_Multithreading_Barber", "20250110_HW_Multithreading_Barber\20250110_HW_Multithreading_Barber.csproj", "{943CEE26-803A-4EA4-A91C-F99CF6E5EDB4}"
EndProject
Project("{FAE04EC0-301F-11D3-BF4B-00C04F79EFBC}") = "LoggerLibrary", "Library\Logger\LoggerLibrary.csproj", "{E2B021FB-EE6C-487F-B797-8CA868725B7A}"
EndProject
Global
	GlobalSection(SolutionConfigurationPlatforms) = preSolution
		Debug|Any CPU = Debug|Any CPU
		Release|Any CPU = Release|Any CPU
	EndGlobalSection
	GlobalSection(ProjectConfigurationPlatforms) = postSolution
		{E4BEB53D-3DA3-4730-8BA2-065F37C5389F}.Debug|Any CPU.ActiveCfg = Debug|Any CPU
		{E4BEB53D-3DA3-4730-8BA2-065F37C5389F}.Debug|Any CPU.Build.0 = Debug|Any CPU
		{E4BEB53D-3DA3-4730-8BA2-065F37C5389F}.Release|Any CPU.ActiveCfg = Release|Any CPU
		{E4BEB53D-3DA3-4730-8BA2-065F37C5389F}.Release|Any CPU.Build.0 = Release|Any CPU
		{A91B685C-77AF-4022-A027-1524387579ED}.Debug|Any CPU.ActiveCfg = Debug|Any CPU
		{A91B685C-77AF-4022-A027-1524387579ED}.Debug|Any CPU.Build.0 = Debug|Any CPU
		{A91B685C-77AF-4022-A027-1524387579ED}.Release|Any CPU.ActiveCfg = Release|Any CPU
		{A91B685C-77AF-4022-A027-1524387579ED}.Release|Any CPU.Build.0 = Release|Any CPU
		{E2E0276D-9C54-4646-A903-23CAF4ACA57E}.Debug|Any CPU.ActiveCfg = Debug|Any CPU
		{E2E0276D-9C54-4646-A903-23CAF4ACA57E}.Debug|Any CPU.Build.0 = Debug|Any CPU
		{E2E0276D-9C54-4646-A903-23CAF4ACA57E}.Release|Any CPU.ActiveCfg = Release|Any CPU
		{E2E0276D-9C54-4646-A903-23CAF4ACA57E}.Release|Any CPU.Build.0 = Release|Any CPU
		{62CA5AA0-8FC3-49E0-9458-F4F4BED57C89}.Debug|Any CPU.ActiveCfg = Debug|Any CPU
		{62CA5AA0-8FC3-49E0-9458-F4F4BED57C89}.Debug|Any CPU.Build.0 = Debug|Any CPU
		{62CA5AA0-8FC3-49E0-9458-F4F4BED57C89}.Release|Any CPU.ActiveCfg = Release|Any CPU
		{62CA5AA0-8FC3-49E0-9458-F4F4BED57C89}.Release|Any CPU.Build.0 = Release|Any CPU
		{454EE2B3-8DA2-4F9A-8099-009790E4EDD7}.Debug|Any CPU.ActiveCfg = Debug|Any CPU
		{454EE2B3-8DA2-4F9A-8099-009790E4EDD7}.Debug|Any CPU.Build.0 = Debug|Any CPU
		{454EE2B3-8DA2-4F9A-8099-009790E4EDD7}.Release|Any CPU.ActiveCfg = Release|Any CPU
		{454EE2B3-8DA2-4F9A-8099-009790E4EDD7}.Release|Any CPU.Build.0 = Release|Any CPU
		{838B262D-5F98-4DCC-AF16-7F3E38C01003}.Debug|Any CPU.ActiveCfg = Debug|Any CPU
		{838B262D-5F98-4DCC-AF16-7F3E38C01003}.Debug|Any CPU.Build.0 = Debug|Any CPU
		{838B262D-5F98-4DCC-AF16-7F3E38C01003}.Release|Any CPU.ActiveCfg = Release|Any CPU
		{838B262D-5F98-4DCC-AF16-7F3E38C01003}.Release|Any CPU.Build.0 = Release|Any CPU
		{44F03772-F58E-4747-9BA0-C31809EDBA2E}.Debug|Any CPU.ActiveCfg = Debug|Any CPU
		{44F03772-F58E-4747-9BA0-C31809EDBA2E}.Debug|Any CPU.Build.0 = Debug|Any CPU
		{44F03772-F58E-4747-9BA0-C31809EDBA2E}.Release|Any CPU.ActiveCfg = Release|Any CPU
		{44F03772-F58E-4747-9BA0-C31809EDBA2E}.Release|Any CPU.Build.0 = Release|Any CPU
		{01CEC9CF-36FA-4211-BD08-C57C3ABCF272}.Debug|Any CPU.ActiveCfg = Debug|Any CPU
		{01CEC9CF-36FA-4211-BD08-C57C3ABCF272}.Debug|Any CPU.Build.0 = Debug|Any CPU
		{01CEC9CF-36FA-4211-BD08-C57C3ABCF272}.Release|Any CPU.ActiveCfg = Release|Any CPU
		{01CEC9CF-36FA-4211-BD08-C57C3ABCF272}.Release|Any CPU.Build.0 = Release|Any CPU
		{5C3141AA-5C6C-4189-BE93-2F65034A41DC}.Debug|Any CPU.ActiveCfg = Debug|Any CPU
		{5C3141AA-5C6C-4189-BE93-2F65034A41DC}.Debug|Any CPU.Build.0 = Debug|Any CPU
		{5C3141AA-5C6C-4189-BE93-2F65034A41DC}.Release|Any CPU.ActiveCfg = Release|Any CPU
		{5C3141AA-5C6C-4189-BE93-2F65034A41DC}.Release|Any CPU.Build.0 = Release|Any CPU
		{8349D34F-479B-48B8-8BD2-6CE746A6224F}.Debug|Any CPU.ActiveCfg = Debug|Any CPU
		{8349D34F-479B-48B8-8BD2-6CE746A6224F}.Debug|Any CPU.Build.0 = Debug|Any CPU
		{8349D34F-479B-48B8-8BD2-6CE746A6224F}.Release|Any CPU.ActiveCfg = Release|Any CPU
		{8349D34F-479B-48B8-8BD2-6CE746A6224F}.Release|Any CPU.Build.0 = Release|Any CPU
		{5AAE6354-8C7A-4F69-8F13-520C5FB093AE}.Debug|Any CPU.ActiveCfg = Debug|Any CPU
		{5AAE6354-8C7A-4F69-8F13-520C5FB093AE}.Debug|Any CPU.Build.0 = Debug|Any CPU
		{5AAE6354-8C7A-4F69-8F13-520C5FB093AE}.Release|Any CPU.ActiveCfg = Release|Any CPU
		{5AAE6354-8C7A-4F69-8F13-520C5FB093AE}.Release|Any CPU.Build.0 = Release|Any CPU
		{A74998E0-69E8-424F-8EFA-04C786B15865}.Debug|Any CPU.ActiveCfg = Debug|Any CPU
		{A74998E0-69E8-424F-8EFA-04C786B15865}.Debug|Any CPU.Build.0 = Debug|Any CPU
		{A74998E0-69E8-424F-8EFA-04C786B15865}.Release|Any CPU.ActiveCfg = Release|Any CPU
		{A74998E0-69E8-424F-8EFA-04C786B15865}.Release|Any CPU.Build.0 = Release|Any CPU
		{54F76A0C-B49F-4166-8F01-A47978BAE063}.Debug|Any CPU.ActiveCfg = Debug|Any CPU
		{54F76A0C-B49F-4166-8F01-A47978BAE063}.Debug|Any CPU.Build.0 = Debug|Any CPU
		{54F76A0C-B49F-4166-8F01-A47978BAE063}.Release|Any CPU.ActiveCfg = Release|Any CPU
		{54F76A0C-B49F-4166-8F01-A47978BAE063}.Release|Any CPU.Build.0 = Release|Any CPU
		{F1E10254-DD06-4D68-891A-27D35CBB1FDD}.Debug|Any CPU.ActiveCfg = Debug|Any CPU
		{F1E10254-DD06-4D68-891A-27D35CBB1FDD}.Debug|Any CPU.Build.0 = Debug|Any CPU
		{F1E10254-DD06-4D68-891A-27D35CBB1FDD}.Release|Any CPU.ActiveCfg = Release|Any CPU
		{F1E10254-DD06-4D68-891A-27D35CBB1FDD}.Release|Any CPU.Build.0 = Release|Any CPU
		{D2960B6B-F6FC-43D9-960B-5177AC6BE1A2}.Debug|Any CPU.ActiveCfg = Debug|Any CPU
		{D2960B6B-F6FC-43D9-960B-5177AC6BE1A2}.Debug|Any CPU.Build.0 = Debug|Any CPU
		{D2960B6B-F6FC-43D9-960B-5177AC6BE1A2}.Release|Any CPU.ActiveCfg = Release|Any CPU
		{D2960B6B-F6FC-43D9-960B-5177AC6BE1A2}.Release|Any CPU.Build.0 = Release|Any CPU
		{FA768BEC-E539-402E-8805-ED25C7F81EE9}.Debug|Any CPU.ActiveCfg = Debug|Any CPU
		{FA768BEC-E539-402E-8805-ED25C7F81EE9}.Debug|Any CPU.Build.0 = Debug|Any CPU
		{FA768BEC-E539-402E-8805-ED25C7F81EE9}.Release|Any CPU.ActiveCfg = Release|Any CPU
		{FA768BEC-E539-402E-8805-ED25C7F81EE9}.Release|Any CPU.Build.0 = Release|Any CPU
		{3E73DFE8-00E5-427E-87F3-F24FE8A32337}.Debug|Any CPU.ActiveCfg = Debug|Any CPU
		{3E73DFE8-00E5-427E-87F3-F24FE8A32337}.Debug|Any CPU.Build.0 = Debug|Any CPU
		{3E73DFE8-00E5-427E-87F3-F24FE8A32337}.Release|Any CPU.ActiveCfg = Release|Any CPU
		{3E73DFE8-00E5-427E-87F3-F24FE8A32337}.Release|Any CPU.Build.0 = Release|Any CPU
		{00D60C56-3A87-46A9-A40A-B794BC91385E}.Debug|Any CPU.ActiveCfg = Debug|Any CPU
		{00D60C56-3A87-46A9-A40A-B794BC91385E}.Debug|Any CPU.Build.0 = Debug|Any CPU
		{00D60C56-3A87-46A9-A40A-B794BC91385E}.Release|Any CPU.ActiveCfg = Release|Any CPU
		{00D60C56-3A87-46A9-A40A-B794BC91385E}.Release|Any CPU.Build.0 = Release|Any CPU
		{0AC1AB91-87BE-4C3B-AFE3-50CA2F8D4827}.Debug|Any CPU.ActiveCfg = Debug|Any CPU
		{0AC1AB91-87BE-4C3B-AFE3-50CA2F8D4827}.Debug|Any CPU.Build.0 = Debug|Any CPU
		{0AC1AB91-87BE-4C3B-AFE3-50CA2F8D4827}.Release|Any CPU.ActiveCfg = Release|Any CPU
		{0AC1AB91-87BE-4C3B-AFE3-50CA2F8D4827}.Release|Any CPU.Build.0 = Release|Any CPU
		{7DA7D740-264B-4A9C-AFA8-4A77FB63A16B}.Debug|Any CPU.ActiveCfg = Debug|Any CPU
		{7DA7D740-264B-4A9C-AFA8-4A77FB63A16B}.Debug|Any CPU.Build.0 = Debug|Any CPU
		{7DA7D740-264B-4A9C-AFA8-4A77FB63A16B}.Release|Any CPU.ActiveCfg = Release|Any CPU
		{7DA7D740-264B-4A9C-AFA8-4A77FB63A16B}.Release|Any CPU.Build.0 = Release|Any CPU
		{0C1C208D-34C9-44AD-B9A7-0B2996074AFF}.Debug|Any CPU.ActiveCfg = Debug|Any CPU
		{0C1C208D-34C9-44AD-B9A7-0B2996074AFF}.Debug|Any CPU.Build.0 = Debug|Any CPU
		{0C1C208D-34C9-44AD-B9A7-0B2996074AFF}.Release|Any CPU.ActiveCfg = Release|Any CPU
		{0C1C208D-34C9-44AD-B9A7-0B2996074AFF}.Release|Any CPU.Build.0 = Release|Any CPU
		{0F016AD2-E65B-4B2E-903E-3851AC5364C0}.Debug|Any CPU.ActiveCfg = Debug|Any CPU
		{0F016AD2-E65B-4B2E-903E-3851AC5364C0}.Debug|Any CPU.Build.0 = Debug|Any CPU
		{0F016AD2-E65B-4B2E-903E-3851AC5364C0}.Release|Any CPU.ActiveCfg = Release|Any CPU
		{0F016AD2-E65B-4B2E-903E-3851AC5364C0}.Release|Any CPU.Build.0 = Release|Any CPU
		{29B959A8-479F-45D8-869D-E636CF80E624}.Debug|Any CPU.ActiveCfg = Debug|Any CPU
		{29B959A8-479F-45D8-869D-E636CF80E624}.Debug|Any CPU.Build.0 = Debug|Any CPU
		{29B959A8-479F-45D8-869D-E636CF80E624}.Release|Any CPU.ActiveCfg = Release|Any CPU
		{29B959A8-479F-45D8-869D-E636CF80E624}.Release|Any CPU.Build.0 = Release|Any CPU
		{1DB698DC-295D-4D6C-B992-118167F56DD5}.Debug|Any CPU.ActiveCfg = Debug|Any CPU
		{1DB698DC-295D-4D6C-B992-118167F56DD5}.Debug|Any CPU.Build.0 = Debug|Any CPU
		{1DB698DC-295D-4D6C-B992-118167F56DD5}.Release|Any CPU.ActiveCfg = Release|Any CPU
		{1DB698DC-295D-4D6C-B992-118167F56DD5}.Release|Any CPU.Build.0 = Release|Any CPU
		{943CEE26-803A-4EA4-A91C-F99CF6E5EDB4}.Debug|Any CPU.ActiveCfg = Debug|Any CPU
		{943CEE26-803A-4EA4-A91C-F99CF6E5EDB4}.Debug|Any CPU.Build.0 = Debug|Any CPU
		{943CEE26-803A-4EA4-A91C-F99CF6E5EDB4}.Release|Any CPU.ActiveCfg = Release|Any CPU
		{943CEE26-803A-4EA4-A91C-F99CF6E5EDB4}.Release|Any CPU.Build.0 = Release|Any CPU
		{E2B021FB-EE6C-487F-B797-8CA868725B7A}.Debug|Any CPU.ActiveCfg = Debug|Any CPU
		{E2B021FB-EE6C-487F-B797-8CA868725B7A}.Debug|Any CPU.Build.0 = Debug|Any CPU
		{E2B021FB-EE6C-487F-B797-8CA868725B7A}.Release|Any CPU.ActiveCfg = Release|Any CPU
		{E2B021FB-EE6C-487F-B797-8CA868725B7A}.Release|Any CPU.Build.0 = Release|Any CPU
	EndGlobalSection
	GlobalSection(SolutionProperties) = preSolution
		HideSolutionNode = FALSE
	EndGlobalSection
	GlobalSection(NestedProjects) = preSolution
		{62CA5AA0-8FC3-49E0-9458-F4F4BED57C89} = {923A1122-7963-413E-91AC-482FD6DEB303}
		{5C3141AA-5C6C-4189-BE93-2F65034A41DC} = {CC35DFDA-9A12-4B3C-975D-A43266191BDB}
		{8349D34F-479B-48B8-8BD2-6CE746A6224F} = {923A1122-7963-413E-91AC-482FD6DEB303}
		{5AAE6354-8C7A-4F69-8F13-520C5FB093AE} = {923A1122-7963-413E-91AC-482FD6DEB303}
		{7DA7D740-264B-4A9C-AFA8-4A77FB63A16B} = {923A1122-7963-413E-91AC-482FD6DEB303}
		{0C1C208D-34C9-44AD-B9A7-0B2996074AFF} = {923A1122-7963-413E-91AC-482FD6DEB303}
		{E2B021FB-EE6C-487F-B797-8CA868725B7A} = {923A1122-7963-413E-91AC-482FD6DEB303}
	EndGlobalSection
	GlobalSection(ExtensibilityGlobals) = postSolution
		SolutionGuid = {7B153F7E-5485-4268-8068-45F0149736C7}
	EndGlobalSection
EndGlobal
